
Microsoft Visual Studio Solution File, Format Version 12.00
# Visual Studio Version 17
VisualStudioVersion = 17.12.35521.163 d17.12
MinimumVisualStudioVersion = 10.0.40219.1
Project("{FAE04EC0-301F-11D3-BF4B-00C04F79EFBC}") = "BlazorServerApp", "BlazorServerApp.csproj", "{7AB80742-2F64-460B-863E-23EB8E4A6483}"
EndProject
Project("{FAE04EC0-301F-11D3-BF4B-00C04F79EFBC}") = "Domain", "..\Domain\Domain.csproj", "{A0C5DF7C-6BA6-4700-B97A-82F870F02582}"
EndProject
Project("{FAE04EC0-301F-11D3-BF4B-00C04F79EFBC}") = "Infrastructure", "..\Infrastructure\Infrastructure.csproj", "{41E1838B-4EFA-4271-849D-5C300363E6C2}"
EndProject
Global
	GlobalSection(SolutionConfigurationPlatforms) = preSolution
		Debug|Any CPU = Debug|Any CPU
		Release|Any CPU = Release|Any CPU
	EndGlobalSection
	GlobalSection(ProjectConfigurationPlatforms) = postSolution
		{7AB80742-2F64-460B-863E-23EB8E4A6483}.Debug|Any CPU.ActiveCfg = Debug|Any CPU
		{7AB80742-2F64-460B-863E-23EB8E4A6483}.Debug|Any CPU.Build.0 = Debug|Any CPU
		{7AB80742-2F64-460B-863E-23EB8E4A6483}.Release|Any CPU.ActiveCfg = Release|Any CPU
		{7AB80742-2F64-460B-863E-23EB8E4A6483}.Release|Any CPU.Build.0 = Release|Any CPU
		{A0C5DF7C-6BA6-4700-B97A-82F870F02582}.Debug|Any CPU.ActiveCfg = Debug|Any CPU
		{A0C5DF7C-6BA6-4700-B97A-82F870F02582}.Debug|Any CPU.Build.0 = Debug|Any CPU
		{A0C5DF7C-6BA6-4700-B97A-82F870F02582}.Release|Any CPU.ActiveCfg = Release|Any CPU
		{A0C5DF7C-6BA6-4700-B97A-82F870F02582}.Release|Any CPU.Build.0 = Release|Any CPU
		{41E1838B-4EFA-4271-849D-5C300363E6C2}.Debug|Any CPU.ActiveCfg = Debug|Any CPU
		{41E1838B-4EFA-4271-849D-5C300363E6C2}.Debug|Any CPU.Build.0 = Debug|Any CPU
		{41E1838B-4EFA-4271-849D-5C300363E6C2}.Release|Any CPU.ActiveCfg = Release|Any CPU
		{41E1838B-4EFA-4271-849D-5C300363E6C2}.Release|Any CPU.Build.0 = Release|Any CPU
	EndGlobalSection
	GlobalSection(SolutionProperties) = preSolution
		HideSolutionNode = FALSE
	EndGlobalSection
EndGlobal
