
Microsoft Visual Studio Solution File, Format Version 12.00
# Visual Studio Version 17
VisualStudioVersion = 17.5.002.0
MinimumVisualStudioVersion = 10.0.40219.1
Project("{9A19103F-16F7-4668-BE54-9A1E7A4F7556}") = "BlazorWebAssemblyApp", "BlazorWebAssemblyApp.csproj", "{7F0B59C5-03FC-434D-8FDA-77A543974AB7}"
EndProject
Global
	GlobalSection(SolutionConfigurationPlatforms) = preSolution
		Debug|Any CPU = Debug|Any CPU
		Release|Any CPU = Release|Any CPU
	EndGlobalSection
	GlobalSection(ProjectConfigurationPlatforms) = postSolution
		{7F0B59C5-03FC-434D-8FDA-77A543974AB7}.Debug|Any CPU.ActiveCfg = Debug|Any CPU
		{7F0B59C5-03FC-434D-8FDA-77A543974AB7}.Debug|Any CPU.Build.0 = Debug|Any CPU
		{7F0B59C5-03FC-434D-8FDA-77A543974AB7}.Release|Any CPU.ActiveCfg = Release|Any CPU
		{7F0B59C5-03FC-434D-8FDA-77A543974AB7}.Release|Any CPU.Build.0 = Release|Any CPU
	EndGlobalSection
	GlobalSection(SolutionProperties) = preSolution
		HideSolutionNode = FALSE
	EndGlobalSection
	GlobalSection(ExtensibilityGlobals) = postSolution
		SolutionGuid = {579F9FF8-F8B0-4B17-BEE4-E1BBF4456052}
	EndGlobalSection
EndGlobal
